
Microsoft Visual Studio Solution File, Format Version 12.00
# Visual Studio Version 17
VisualStudioVersion = 17.5.002.0
MinimumVisualStudioVersion = 10.0.40219.1
Project("{9A19103F-16F7-4668-BE54-9A1E7A4F7556}") = "src", "src\src.csproj", "{17EA98B8-6A91-4FB3-ACAD-7A04569C3A2D}"
EndProject
Project("{2150E333-8FDC-42A3-9474-1A3956D46DE8}") = "test", "test", "{35360068-08E0-4164-949A-D97B3474657F}"
EndProject
Project("{2150E333-8FDC-42A3-9474-1A3956D46DE8}") = "unit", "unit", "{936DFA88-C7EF-49AD-99C3-E20B33F6CB15}"
EndProject
Project("{FAE04EC0-301F-11D3-BF4B-00C04F79EFBC}") = "UserServiceTest", "test\unit\UserServiceTest\UserServiceTest.csproj", "{FAE2F360-C60B-43F8-8EFF-046E3E5C366A}"
EndProject
Project("{FAE04EC0-301F-11D3-BF4B-00C04F79EFBC}") = "UserTest", "test\unit\UserTest\UserTest.csproj", "{60B251A3-4D12-40A7-8563-FD162FB9AC48}"
EndProject
Project("{FAE04EC0-301F-11D3-BF4B-00C04F79EFBC}") = "UserControllerTest", "test\unit\UserControllerTest\UserControllerTest.csproj", "{BCB3D0A7-AB83-4DE2-A887-3EC821A7FE73}"
EndProject
Project("{2150E333-8FDC-42A3-9474-1A3956D46DE8}") = "integration", "integration", "{7172E8FB-566E-457C-9A92-8A62333CC1C1}"
EndProject
Project("{FAE04EC0-301F-11D3-BF4B-00C04F79EFBC}") = "RegisterUser", "test\integration\RegisterUser\RegisterUser.csproj", "{BABA337D-FD55-4802-801B-CDA929CB0588}"
EndProject
Project("{FAE04EC0-301F-11D3-BF4B-00C04F79EFBC}") = "GetUserInfo", "test\integration\GetUserInfo\GetUserInfo.csproj", "{142803D7-4E68-4054-846F-D2218A0EF71C}"
EndProject
Global
	GlobalSection(SolutionConfigurationPlatforms) = preSolution
		Debug|Any CPU = Debug|Any CPU
		Release|Any CPU = Release|Any CPU
	EndGlobalSection
	GlobalSection(ProjectConfigurationPlatforms) = postSolution
		{17EA98B8-6A91-4FB3-ACAD-7A04569C3A2D}.Debug|Any CPU.ActiveCfg = Debug|Any CPU
		{17EA98B8-6A91-4FB3-ACAD-7A04569C3A2D}.Debug|Any CPU.Build.0 = Debug|Any CPU
		{17EA98B8-6A91-4FB3-ACAD-7A04569C3A2D}.Release|Any CPU.ActiveCfg = Release|Any CPU
		{17EA98B8-6A91-4FB3-ACAD-7A04569C3A2D}.Release|Any CPU.Build.0 = Release|Any CPU
		{FAE2F360-C60B-43F8-8EFF-046E3E5C366A}.Debug|Any CPU.ActiveCfg = Debug|Any CPU
		{FAE2F360-C60B-43F8-8EFF-046E3E5C366A}.Debug|Any CPU.Build.0 = Debug|Any CPU
		{FAE2F360-C60B-43F8-8EFF-046E3E5C366A}.Release|Any CPU.ActiveCfg = Release|Any CPU
		{FAE2F360-C60B-43F8-8EFF-046E3E5C366A}.Release|Any CPU.Build.0 = Release|Any CPU
		{60B251A3-4D12-40A7-8563-FD162FB9AC48}.Debug|Any CPU.ActiveCfg = Debug|Any CPU
		{60B251A3-4D12-40A7-8563-FD162FB9AC48}.Debug|Any CPU.Build.0 = Debug|Any CPU
		{60B251A3-4D12-40A7-8563-FD162FB9AC48}.Release|Any CPU.ActiveCfg = Release|Any CPU
		{60B251A3-4D12-40A7-8563-FD162FB9AC48}.Release|Any CPU.Build.0 = Release|Any CPU
		{BCB3D0A7-AB83-4DE2-A887-3EC821A7FE73}.Debug|Any CPU.ActiveCfg = Debug|Any CPU
		{BCB3D0A7-AB83-4DE2-A887-3EC821A7FE73}.Debug|Any CPU.Build.0 = Debug|Any CPU
		{BCB3D0A7-AB83-4DE2-A887-3EC821A7FE73}.Release|Any CPU.ActiveCfg = Release|Any CPU
		{BCB3D0A7-AB83-4DE2-A887-3EC821A7FE73}.Release|Any CPU.Build.0 = Release|Any CPU
		{BABA337D-FD55-4802-801B-CDA929CB0588}.Debug|Any CPU.ActiveCfg = Debug|Any CPU
		{BABA337D-FD55-4802-801B-CDA929CB0588}.Debug|Any CPU.Build.0 = Debug|Any CPU
		{BABA337D-FD55-4802-801B-CDA929CB0588}.Release|Any CPU.ActiveCfg = Release|Any CPU
		{BABA337D-FD55-4802-801B-CDA929CB0588}.Release|Any CPU.Build.0 = Release|Any CPU
		{142803D7-4E68-4054-846F-D2218A0EF71C}.Debug|Any CPU.ActiveCfg = Debug|Any CPU
		{142803D7-4E68-4054-846F-D2218A0EF71C}.Debug|Any CPU.Build.0 = Debug|Any CPU
		{142803D7-4E68-4054-846F-D2218A0EF71C}.Release|Any CPU.ActiveCfg = Release|Any CPU
		{142803D7-4E68-4054-846F-D2218A0EF71C}.Release|Any CPU.Build.0 = Release|Any CPU
	EndGlobalSection
	GlobalSection(SolutionProperties) = preSolution
		HideSolutionNode = FALSE
	EndGlobalSection
	GlobalSection(ExtensibilityGlobals) = postSolution
		SolutionGuid = {E04D9643-3B15-42F5-8123-7724A5CC90EB}
	EndGlobalSection
	GlobalSection(NestedProjects) = preSolution
		{936DFA88-C7EF-49AD-99C3-E20B33F6CB15} = {35360068-08E0-4164-949A-D97B3474657F}
		{FAE2F360-C60B-43F8-8EFF-046E3E5C366A} = {936DFA88-C7EF-49AD-99C3-E20B33F6CB15}
		{60B251A3-4D12-40A7-8563-FD162FB9AC48} = {936DFA88-C7EF-49AD-99C3-E20B33F6CB15}
		{BCB3D0A7-AB83-4DE2-A887-3EC821A7FE73} = {936DFA88-C7EF-49AD-99C3-E20B33F6CB15}
		{7172E8FB-566E-457C-9A92-8A62333CC1C1} = {35360068-08E0-4164-949A-D97B3474657F}
		{BABA337D-FD55-4802-801B-CDA929CB0588} = {7172E8FB-566E-457C-9A92-8A62333CC1C1}
		{142803D7-4E68-4054-846F-D2218A0EF71C} = {7172E8FB-566E-457C-9A92-8A62333CC1C1}
	EndGlobalSection
EndGlobal
